
Microsoft Visual Studio Solution File, Format Version 12.00
# Visual Studio Version 17
VisualStudioVersion = 17.10.35027.167
MinimumVisualStudioVersion = 10.0.40219.1
Project("{9A19103F-16F7-4668-BE54-9A1E7A4F7556}") = "WebApi", "src\WebApi\WebApi.csproj", "{BDB47F9C-3454-41FD-8C52-63BE468CBEE3}"
EndProject
Project("{2150E333-8FDC-42A3-9474-1A3956D46DE8}") = "src", "src", "{C4E38FA2-823A-4193-B604-0F18C6043F9E}"
EndProject
Project("{2150E333-8FDC-42A3-9474-1A3956D46DE8}") = "tests", "tests", "{16FD9DDF-3921-40D8-9B08-4B7DFA6FFB4A}"
EndProject
Project("{2150E333-8FDC-42A3-9474-1A3956D46DE8}") = "Éléments de solution", "Éléments de solution", "{2AB7097D-DFD8-4309-8B54-67FD0DCB3A38}"
EndProject
Project("{2150E333-8FDC-42A3-9474-1A3956D46DE8}") = "Domain", "Domain", "{FFB468EC-4F6C-4ABA-BB5B-9A11B27D9A0F}"
EndProject
Project("{2150E333-8FDC-42A3-9474-1A3956D46DE8}") = "Application", "Application", "{CD5EC9A6-8F5C-4D67-9D82-D79C304A5B58}"
EndProject
Project("{2150E333-8FDC-42A3-9474-1A3956D46DE8}") = "Interface", "Interface", "{370F8D5B-519D-43F3-836B-A97005D14D75}"
EndProject
Project("{2150E333-8FDC-42A3-9474-1A3956D46DE8}") = "Presentation", "Presentation", "{4F8EBC71-5C4D-4593-87D3-B93FF53B6586}"
EndProject
Project("{2150E333-8FDC-42A3-9474-1A3956D46DE8}") = "Core", "Core", "{F0596EC3-3C63-451A-9C2D-0598CC01E104}"
EndProject
Project("{2150E333-8FDC-42A3-9474-1A3956D46DE8}") = "Externals", "Externals", "{5EDEE833-0140-4710-AF63-136867071404}"
EndProject
Project("{FAE04EC0-301F-11D3-BF4B-00C04F79EFBC}") = "ApiSetup.Domain", "..\ApiSetup.Domain\ApiSetup.Domain.csproj", "{D0652D2C-AF31-4E9B-A3A0-78C25A675C89}"
EndProject
Project("{FAE04EC0-301F-11D3-BF4B-00C04F79EFBC}") = "Api.Setup.Application", "..\Api.Setup.Application\Api.Setup.Application.csproj", "{D65400DD-6C70-4B09-9E2E-ED5CD2925881}"
EndProject
Project("{FAE04EC0-301F-11D3-BF4B-00C04F79EFBC}") = "Interface", "..\Interface\Interface.csproj", "{EBBA0330-9281-4363-925F-53FF0A64C35C}"
EndProject
Project("{FAE04EC0-301F-11D3-BF4B-00C04F79EFBC}") = "Presentation", "..\Presentation\Presentation.csproj", "{8CC62A81-0D6A-4393-A1C7-C1BC7A3E6609}"
EndProject
Project("{2150E333-8FDC-42A3-9474-1A3956D46DE8}") = "Architecture", "Architecture", "{F2968526-14F2-4A0F-844D-043F3284811D}"
EndProject
Project("{FAE04EC0-301F-11D3-BF4B-00C04F79EFBC}") = "ApiSetup.ArchitectureTests", "..\ApiSetup.ArchitectureTests\ApiSetup.ArchitectureTests.csproj", "{146D801D-7B2A-4B04-BA9C-2DD7AF548354}"
EndProject
Global
	GlobalSection(SolutionConfigurationPlatforms) = preSolution
		Debug|Any CPU = Debug|Any CPU
		Release|Any CPU = Release|Any CPU
	EndGlobalSection
	GlobalSection(ProjectConfigurationPlatforms) = postSolution
		{BDB47F9C-3454-41FD-8C52-63BE468CBEE3}.Debug|Any CPU.ActiveCfg = Debug|Any CPU
		{BDB47F9C-3454-41FD-8C52-63BE468CBEE3}.Debug|Any CPU.Build.0 = Debug|Any CPU
		{BDB47F9C-3454-41FD-8C52-63BE468CBEE3}.Release|Any CPU.ActiveCfg = Release|Any CPU
		{BDB47F9C-3454-41FD-8C52-63BE468CBEE3}.Release|Any CPU.Build.0 = Release|Any CPU
		{D0652D2C-AF31-4E9B-A3A0-78C25A675C89}.Debug|Any CPU.ActiveCfg = Debug|Any CPU
		{D0652D2C-AF31-4E9B-A3A0-78C25A675C89}.Debug|Any CPU.Build.0 = Debug|Any CPU
		{D0652D2C-AF31-4E9B-A3A0-78C25A675C89}.Release|Any CPU.ActiveCfg = Release|Any CPU
		{D0652D2C-AF31-4E9B-A3A0-78C25A675C89}.Release|Any CPU.Build.0 = Release|Any CPU
		{D65400DD-6C70-4B09-9E2E-ED5CD2925881}.Debug|Any CPU.ActiveCfg = Debug|Any CPU
		{D65400DD-6C70-4B09-9E2E-ED5CD2925881}.Debug|Any CPU.Build.0 = Debug|Any CPU
		{D65400DD-6C70-4B09-9E2E-ED5CD2925881}.Release|Any CPU.ActiveCfg = Release|Any CPU
		{D65400DD-6C70-4B09-9E2E-ED5CD2925881}.Release|Any CPU.Build.0 = Release|Any CPU
		{EBBA0330-9281-4363-925F-53FF0A64C35C}.Debug|Any CPU.ActiveCfg = Debug|Any CPU
		{EBBA0330-9281-4363-925F-53FF0A64C35C}.Debug|Any CPU.Build.0 = Debug|Any CPU
		{EBBA0330-9281-4363-925F-53FF0A64C35C}.Release|Any CPU.ActiveCfg = Release|Any CPU
		{EBBA0330-9281-4363-925F-53FF0A64C35C}.Release|Any CPU.Build.0 = Release|Any CPU
		{8CC62A81-0D6A-4393-A1C7-C1BC7A3E6609}.Debug|Any CPU.ActiveCfg = Debug|Any CPU
		{8CC62A81-0D6A-4393-A1C7-C1BC7A3E6609}.Debug|Any CPU.Build.0 = Debug|Any CPU
		{8CC62A81-0D6A-4393-A1C7-C1BC7A3E6609}.Release|Any CPU.ActiveCfg = Release|Any CPU
		{8CC62A81-0D6A-4393-A1C7-C1BC7A3E6609}.Release|Any CPU.Build.0 = Release|Any CPU
		{146D801D-7B2A-4B04-BA9C-2DD7AF548354}.Debug|Any CPU.ActiveCfg = Debug|Any CPU
		{146D801D-7B2A-4B04-BA9C-2DD7AF548354}.Debug|Any CPU.Build.0 = Debug|Any CPU
		{146D801D-7B2A-4B04-BA9C-2DD7AF548354}.Release|Any CPU.ActiveCfg = Release|Any CPU
		{146D801D-7B2A-4B04-BA9C-2DD7AF548354}.Release|Any CPU.Build.0 = Release|Any CPU
	EndGlobalSection
	GlobalSection(SolutionProperties) = preSolution
		HideSolutionNode = FALSE
	EndGlobalSection
	GlobalSection(NestedProjects) = preSolution
		{BDB47F9C-3454-41FD-8C52-63BE468CBEE3} = {C4E38FA2-823A-4193-B604-0F18C6043F9E}
		{FFB468EC-4F6C-4ABA-BB5B-9A11B27D9A0F} = {F0596EC3-3C63-451A-9C2D-0598CC01E104}
		{CD5EC9A6-8F5C-4D67-9D82-D79C304A5B58} = {F0596EC3-3C63-451A-9C2D-0598CC01E104}
		{370F8D5B-519D-43F3-836B-A97005D14D75} = {5EDEE833-0140-4710-AF63-136867071404}
		{4F8EBC71-5C4D-4593-87D3-B93FF53B6586} = {C4E38FA2-823A-4193-B604-0F18C6043F9E}
		{F0596EC3-3C63-451A-9C2D-0598CC01E104} = {C4E38FA2-823A-4193-B604-0F18C6043F9E}
		{5EDEE833-0140-4710-AF63-136867071404} = {C4E38FA2-823A-4193-B604-0F18C6043F9E}
		{D0652D2C-AF31-4E9B-A3A0-78C25A675C89} = {FFB468EC-4F6C-4ABA-BB5B-9A11B27D9A0F}
		{D65400DD-6C70-4B09-9E2E-ED5CD2925881} = {CD5EC9A6-8F5C-4D67-9D82-D79C304A5B58}
		{EBBA0330-9281-4363-925F-53FF0A64C35C} = {370F8D5B-519D-43F3-836B-A97005D14D75}
		{8CC62A81-0D6A-4393-A1C7-C1BC7A3E6609} = {4F8EBC71-5C4D-4593-87D3-B93FF53B6586}
		{F2968526-14F2-4A0F-844D-043F3284811D} = {16FD9DDF-3921-40D8-9B08-4B7DFA6FFB4A}
		{146D801D-7B2A-4B04-BA9C-2DD7AF548354} = {F2968526-14F2-4A0F-844D-043F3284811D}
	EndGlobalSection
	GlobalSection(ExtensibilityGlobals) = postSolution
		SolutionGuid = {34AF4290-5FFB-4610-B218-099914C73AEF}
	EndGlobalSection
EndGlobal
